
Microsoft Visual Studio Solution File, Format Version 12.00
# Visual Studio 15
VisualStudioVersion = 15.0.28010.2046
MinimumVisualStudioVersion = 10.0.40219.1
Project("{FAE04EC0-301F-11D3-BF4B-00C04F79EFBC}") = "AlgoritmeCrossOver", "AlgoritmeCrossOver\AlgoritmeCrossOver.csproj", "{48BB46F7-9C6C-4ADF-9F12-6C500AA21501}"
EndProject
Global
	GlobalSection(SolutionConfigurationPlatforms) = preSolution
		Debug|Any CPU = Debug|Any CPU
		Release|Any CPU = Release|Any CPU
	EndGlobalSection
	GlobalSection(ProjectConfigurationPlatforms) = postSolution
		{48BB46F7-9C6C-4ADF-9F12-6C500AA21501}.Debug|Any CPU.ActiveCfg = Debug|Any CPU
		{48BB46F7-9C6C-4ADF-9F12-6C500AA21501}.Debug|Any CPU.Build.0 = Debug|Any CPU
		{48BB46F7-9C6C-4ADF-9F12-6C500AA21501}.Release|Any CPU.ActiveCfg = Release|Any CPU
		{48BB46F7-9C6C-4ADF-9F12-6C500AA21501}.Release|Any CPU.Build.0 = Release|Any CPU
	EndGlobalSection
	GlobalSection(SolutionProperties) = preSolution
		HideSolutionNode = FALSE
	EndGlobalSection
	GlobalSection(ExtensibilityGlobals) = postSolution
		SolutionGuid = {6E95ABD2-AAB2-44EB-9A45-DC2F15C6C2A7}
	EndGlobalSection
EndGlobal
